// !$*UTF8*$!
{
	archiveVersion = 1;
	classes = {
	};
	objectVersion = 46;
	objects = {

/* Begin PBXBuildFile section */
		6D31DD5D1D4393F80059F986 /* AppDelegate.swift in Sources */ = {isa = PBXBuildFile; fileRef = 6D31DD5C1D4393F80059F986 /* AppDelegate.swift */; };
		6D31DD5F1D4393F80059F986 /* ViewController.swift in Sources */ = {isa = PBXBuildFile; fileRef = 6D31DD5E1D4393F80059F986 /* ViewController.swift */; };
		6D31DD621D4393F80059F986 /* Main.storyboard in Resources */ = {isa = PBXBuildFile; fileRef = 6D31DD601D4393F80059F986 /* Main.storyboard */; };
		6D31DD641D4393F80059F986 /* Assets.xcassets in Resources */ = {isa = PBXBuildFile; fileRef = 6D31DD631D4393F80059F986 /* Assets.xcassets */; };
		6D31DD671D4393F80059F986 /* LaunchScreen.storyboard in Resources */ = {isa = PBXBuildFile; fileRef = 6D31DD651D4393F80059F986 /* LaunchScreen.storyboard */; };
		6D31DD721D4393F80059F986 /* SingletonProjectTests.swift in Sources */ = {isa = PBXBuildFile; fileRef = 6D31DD711D4393F80059F986 /* SingletonProjectTests.swift */; };
		6D31DD7D1D4393F80059F986 /* SingletonProjectUITests.swift in Sources */ = {isa = PBXBuildFile; fileRef = 6D31DD7C1D4393F80059F986 /* SingletonProjectUITests.swift */; };
		6D31DD8B1D4394830059F986 /* SingletonClass.swift in Sources */ = {isa = PBXBuildFile; fileRef = 6D31DD8A1D4394830059F986 /* SingletonClass.swift */; };
/* End PBXBuildFile section */

/* Begin PBXContainerItemProxy section */
		6D31DD6E1D4393F80059F986 /* PBXContainerItemProxy */ = {
			isa = PBXContainerItemProxy;
			containerPortal = 6D31DD511D4393F70059F986 /* Project object */;
			proxyType = 1;
			remoteGlobalIDString = 6D31DD581D4393F70059F986;
			remoteInfo = SingletonProject;
		};
		6D31DD791D4393F80059F986 /* PBXContainerItemProxy */ = {
			isa = PBXContainerItemProxy;
			containerPortal = 6D31DD511D4393F70059F986 /* Project object */;
			proxyType = 1;
			remoteGlobalIDString = 6D31DD581D4393F70059F986;
			remoteInfo = SingletonProject;
		};
/* End PBXContainerItemProxy section */

/* Begin PBXFileReference section */
		6D31DD591D4393F70059F986 /* SingletonProject.app */ = {isa = PBXFileReference; explicitFileType = wrapper.application; includeInIndex = 0; path = SingletonProject.app; sourceTree = BUILT_PRODUCTS_DIR; };
		6D31DD5C1D4393F80059F986 /* AppDelegate.swift */ = {isa = PBXFileReference; lastKnownFileType = sourcecode.swift; path = AppDelegate.swift; sourceTree = "<group>"; };
		6D31DD5E1D4393F80059F986 /* ViewController.swift */ = {isa = PBXFileReference; lastKnownFileType = sourcecode.swift; path = ViewController.swift; sourceTree = "<group>"; };
		6D31DD611D4393F80059F986 /* Base */ = {isa = PBXFileReference; lastKnownFileType = file.storyboard; name = Base; path = Base.lproj/Main.storyboard; sourceTree = "<group>"; };
		6D31DD631D4393F80059F986 /* Assets.xcassets */ = {isa = PBXFileReference; lastKnownFileType = folder.assetcatalog; path = Assets.xcassets; sourceTree = "<group>"; };
		6D31DD661D4393F80059F986 /* Base */ = {isa = PBXFileReference; lastKnownFileType = file.storyboard; name = Base; path = Base.lproj/LaunchScreen.storyboard; sourceTree = "<group>"; };
		6D31DD681D4393F80059F986 /* Info.plist */ = {isa = PBXFileReference; lastKnownFileType = text.plist.xml; path = Info.plist; sourceTree = "<group>"; };
		6D31DD6D1D4393F80059F986 /* SingletonProjectTests.xctest */ = {isa = PBXFileReference; explicitFileType = wrapper.cfbundle; includeInIndex = 0; path = SingletonProjectTests.xctest; sourceTree = BUILT_PRODUCTS_DIR; };
		6D31DD711D4393F80059F986 /* SingletonProjectTests.swift */ = {isa = PBXFileReference; lastKnownFileType = sourcecode.swift; path = SingletonProjectTests.swift; sourceTree = "<group>"; };
		6D31DD731D4393F80059F986 /* Info.plist */ = {isa = PBXFileReference; lastKnownFileType = text.plist.xml; path = Info.plist; sourceTree = "<group>"; };
		6D31DD781D4393F80059F986 /* SingletonProjectUITests.xctest */ = {isa = PBXFileReference; explicitFileType = wrapper.cfbundle; includeInIndex = 0; path = SingletonProjectUITests.xctest; sourceTree = BUILT_PRODUCTS_DIR; };
		6D31DD7C1D4393F80059F986 /* SingletonProjectUITests.swift */ = {isa = PBXFileReference; lastKnownFileType = sourcecode.swift; path = SingletonProjectUITests.swift; sourceTree = "<group>"; };
		6D31DD7E1D4393F80059F986 /* Info.plist */ = {isa = PBXFileReference; lastKnownFileType = text.plist.xml; path = Info.plist; sourceTree = "<group>"; };
		6D31DD8A1D4394830059F986 /* SingletonClass.swift */ = {isa = PBXFileReference; fileEncoding = 4; lastKnownFileType = sourcecode.swift; path = SingletonClass.swift; sourceTree = "<group>"; };
/* End PBXFileReference section */

/* Begin PBXFrameworksBuildPhase section */
		6D31DD561D4393F70059F986 /* Frameworks */ = {
			isa = PBXFrameworksBuildPhase;
			buildActionMask = 2147483647;
			files = (
			);
			runOnlyForDeploymentPostprocessing = 0;
		};
		6D31DD6A1D4393F80059F986 /* Frameworks */ = {
			isa = PBXFrameworksBuildPhase;
			buildActionMask = 2147483647;
			files = (
			);
			runOnlyForDeploymentPostprocessing = 0;
		};
		6D31DD751D4393F80059F986 /* Frameworks */ = {
			isa = PBXFrameworksBuildPhase;
			buildActionMask = 2147483647;
			files = (
			);
			runOnlyForDeploymentPostprocessing = 0;
		};
/* End PBXFrameworksBuildPhase section */

/* Begin PBXGroup section */
		6D31DD501D4393F70059F986 = {
			isa = PBXGroup;
			children = (
				6D31DD5B1D4393F70059F986 /* SingletonProject */,
				6D31DD701D4393F80059F986 /* SingletonProjectTests */,
				6D31DD7B1D4393F80059F986 /* SingletonProjectUITests */,
				6D31DD5A1D4393F70059F986 /* Products */,
			);
			sourceTree = "<group>";
		};
		6D31DD5A1D4393F70059F986 /* Products */ = {
			isa = PBXGroup;
			children = (
				6D31DD591D4393F70059F986 /* SingletonProject.app */,
				6D31DD6D1D4393F80059F986 /* SingletonProjectTests.xctest */,
				6D31DD781D4393F80059F986 /* SingletonProjectUITests.xctest */,
			);
			name = Products;
			sourceTree = "<group>";
		};
		6D31DD5B1D4393F70059F986 /* SingletonProject */ = {
			isa = PBXGroup;
			children = (
				6D31DD5C1D4393F80059F986 /* AppDelegate.swift */,
				6D31DD5E1D4393F80059F986 /* ViewController.swift */,
				6D31DD601D4393F80059F986 /* Main.storyboard */,
				6D31DD631D4393F80059F986 /* Assets.xcassets */,
				6D31DD651D4393F80059F986 /* LaunchScreen.storyboard */,
				6D31DD681D4393F80059F986 /* Info.plist */,
				6D31DD8A1D4394830059F986 /* SingletonClass.swift */,
			);
			path = SingletonProject;
			sourceTree = "<group>";
		};
		6D31DD701D4393F80059F986 /* SingletonProjectTests */ = {
			isa = PBXGroup;
			children = (
				6D31DD711D4393F80059F986 /* SingletonProjectTests.swift */,
				6D31DD731D4393F80059F986 /* Info.plist */,
			);
			path = SingletonProjectTests;
			sourceTree = "<group>";
		};
		6D31DD7B1D4393F80059F986 /* SingletonProjectUITests */ = {
			isa = PBXGroup;
			children = (
				6D31DD7C1D4393F80059F986 /* SingletonProjectUITests.swift */,
				6D31DD7E1D4393F80059F986 /* Info.plist */,
			);
			path = SingletonProjectUITests;
			sourceTree = "<group>";
		};
/* End PBXGroup section */

/* Begin PBXNativeTarget section */
		6D31DD581D4393F70059F986 /* SingletonProject */ = {
			isa = PBXNativeTarget;
			buildConfigurationList = 6D31DD811D4393F80059F986 /* Build configuration list for PBXNativeTarget "SingletonProject" */;
			buildPhases = (
				6D31DD551D4393F70059F986 /* Sources */,
				6D31DD561D4393F70059F986 /* Frameworks */,
				6D31DD571D4393F70059F986 /* Resources */,
			);
			buildRules = (
			);
			dependencies = (
			);
			name = SingletonProject;
			productName = SingletonProject;
			productReference = 6D31DD591D4393F70059F986 /* SingletonProject.app */;
			productType = "com.apple.product-type.application";
		};
		6D31DD6C1D4393F80059F986 /* SingletonProjectTests */ = {
			isa = PBXNativeTarget;
			buildConfigurationList = 6D31DD841D4393F80059F986 /* Build configuration list for PBXNativeTarget "SingletonProjectTests" */;
			buildPhases = (
				6D31DD691D4393F80059F986 /* Sources */,
				6D31DD6A1D4393F80059F986 /* Frameworks */,
				6D31DD6B1D4393F80059F986 /* Resources */,
			);
			buildRules = (
			);
			dependencies = (
				6D31DD6F1D4393F80059F986 /* PBXTargetDependency */,
			);
			name = SingletonProjectTests;
			productName = SingletonProjectTests;
			productReference = 6D31DD6D1D4393F80059F986 /* SingletonProjectTests.xctest */;
			productType = "com.apple.product-type.bundle.unit-test";
		};
		6D31DD771D4393F80059F986 /* SingletonProjectUITests */ = {
			isa = PBXNativeTarget;
			buildConfigurationList = 6D31DD871D4393F80059F986 /* Build configuration list for PBXNativeTarget "SingletonProjectUITests" */;
			buildPhases = (
				6D31DD741D4393F80059F986 /* Sources */,
				6D31DD751D4393F80059F986 /* Frameworks */,
				6D31DD761D4393F80059F986 /* Resources */,
			);
			buildRules = (
			);
			dependencies = (
				6D31DD7A1D4393F80059F986 /* PBXTargetDependency */,
			);
			name = SingletonProjectUITests;
			productName = SingletonProjectUITests;
			productReference = 6D31DD781D4393F80059F986 /* SingletonProjectUITests.xctest */;
			productType = "com.apple.product-type.bundle.ui-testing";
		};
/* End PBXNativeTarget section */

/* Begin PBXProject section */
		6D31DD511D4393F70059F986 /* Project object */ = {
			isa = PBXProject;
			attributes = {
				LastSwiftUpdateCheck = 0720;
				LastUpgradeCheck = 0720;
				ORGANIZATIONNAME = NaPaFeng;
				TargetAttributes = {
					6D31DD581D4393F70059F986 = {
						CreatedOnToolsVersion = 7.2.1;
						DevelopmentTeam = PH6S6F6G8N;
					};
					6D31DD6C1D4393F80059F986 = {
						CreatedOnToolsVersion = 7.2.1;
						DevelopmentTeam = PH6S6F6G8N;
						TestTargetID = 6D31DD581D4393F70059F986;
					};
					6D31DD771D4393F80059F986 = {
						CreatedOnToolsVersion = 7.2.1;
						DevelopmentTeam = PH6S6F6G8N;
						TestTargetID = 6D31DD581D4393F70059F986;
					};
				};
			};
			buildConfigurationList = 6D31DD541D4393F70059F986 /* Build configuration list for PBXProject "SingletonProject" */;
			compatibilityVersion = "Xcode 3.2";
			developmentRegion = English;
			hasScannedForEncodings = 0;
			knownRegions = (
				en,
				Base,
			);
			mainGroup = 6D31DD501D4393F70059F986;
			productRefGroup = 6D31DD5A1D4393F70059F986 /* Products */;
			projectDirPath = "";
			projectRoot = "";
			targets = (
				6D31DD581D4393F70059F986 /* SingletonProject */,
				6D31DD6C1D4393F80059F986 /* SingletonProjectTests */,
				6D31DD771D4393F80059F986 /* SingletonProjectUITests */,
			);
		};
/* End PBXProject section */

/* Begin PBXResourcesBuildPhase section */
		6D31DD571D4393F70059F986 /* Resources */ = {
			isa = PBXResourcesBuildPhase;
			buildActionMask = 2147483647;
			files = (
				6D31DD671D4393F80059F986 /* LaunchScreen.storyboard in Resources */,
				6D31DD641D4393F80059F986 /* Assets.xcassets in Resources */,
				6D31DD621D4393F80059F986 /* Main.storyboard in Resources */,
			);
			runOnlyForDeploymentPostprocessing = 0;
		};
		6D31DD6B1D4393F80059F986 /* Resources */ = {
			isa = PBXResourcesBuildPhase;
			buildActionMask = 2147483647;
			files = (
			);
			runOnlyForDeploymentPostprocessing = 0;
		};
		6D31DD761D4393F80059F986 /* Resources */ = {
			isa = PBXResourcesBuildPhase;
			buildActionMask = 2147483647;
			files = (
			);
			runOnlyForDeploymentPostprocessing = 0;
		};
/* End PBXResourcesBuildPhase section */

/* Begin PBXSourcesBuildPhase section */
		6D31DD551D4393F70059F986 /* Sources */ = {
			isa = PBXSourcesBuildPhase;
			buildActionMask = 2147483647;
			files = (
				6D31DD8B1D4394830059F986 /* SingletonClass.swift in Sources */,
				6D31DD5F1D4393F80059F986 /* ViewController.swift in Sources */,
				6D31DD5D1D4393F80059F986 /* AppDelegate.swift in Sources */,
			);
			runOnlyForDeploymentPostprocessing = 0;
		};
		6D31DD691D4393F80059F986 /* Sources */ = {
			isa = PBXSourcesBuildPhase;
			buildActionMask = 2147483647;
			files = (
				6D31DD721D4393F80059F986 /* SingletonProjectTests.swift in Sources */,
			);
			runOnlyForDeploymentPostprocessing = 0;
		};
		6D31DD741D4393F80059F986 /* Sources */ = {
			isa = PBXSourcesBuildPhase;
			buildActionMask = 2147483647;
			files = (
				6D31DD7D1D4393F80059F986 /* SingletonProjectUITests.swift in Sources */,
			);
			runOnlyForDeploymentPostprocessing = 0;
		};
/* End PBXSourcesBuildPhase section */

/* Begin PBXTargetDependency section */
		6D31DD6F1D4393F80059F986 /* PBXTargetDependency */ = {
			isa = PBXTargetDependency;
			target = 6D31DD581D4393F70059F986 /* SingletonProject */;
			targetProxy = 6D31DD6E1D4393F80059F986 /* PBXContainerItemProxy */;
		};
		6D31DD7A1D4393F80059F986 /* PBXTargetDependency */ = {
			isa = PBXTargetDependency;
			target = 6D31DD581D4393F70059F986 /* SingletonProject */;
			targetProxy = 6D31DD791D4393F80059F986 /* PBXContainerItemProxy */;
		};
/* End PBXTargetDependency section */

/* Begin PBXVariantGroup section */
		6D31DD601D4393F80059F986 /* Main.storyboard */ = {
			isa = PBXVariantGroup;
			children = (
				6D31DD611D4393F80059F986 /* Base */,
			);
			name = Main.storyboard;
			sourceTree = "<group>";
		};
		6D31DD651D4393F80059F986 /* LaunchScreen.storyboard */ = {
			isa = PBXVariantGroup;
			children = (
				6D31DD661D4393F80059F986 /* Base */,
			);
			name = LaunchScreen.storyboard;
			sourceTree = "<group>";
		};
/* End PBXVariantGroup section */

/* Begin XCBuildConfiguration section */
		6D31DD7F1D4393F80059F986 /* Debug */ = {
			isa = XCBuildConfiguration;
			buildSettings = {
				ALWAYS_SEARCH_USER_PATHS = NO;
				CLANG_CXX_LANGUAGE_STANDARD = "gnu++0x";
				CLANG_CXX_LIBRARY = "libc++";
				CLANG_ENABLE_MODULES = YES;
				CLANG_ENABLE_OBJC_ARC = YES;
				CLANG_WARN_BOOL_CONVERSION = YES;
				CLANG_WARN_CONSTANT_CONVERSION = YES;
				CLANG_WARN_DIRECT_OBJC_ISA_USAGE = YES_ERROR;
				CLANG_WARN_EMPTY_BODY = YES;
				CLANG_WARN_ENUM_CONVERSION = YES;
				CLANG_WARN_INT_CONVERSION = YES;
				CLANG_WARN_OBJC_ROOT_CLASS = YES_ERROR;
				CLANG_WARN_UNREACHABLE_CODE = YES;
				CLANG_WARN__DUPLICATE_METHOD_MATCH = YES;
				"CODE_SIGN_IDENTITY[sdk=iphoneos*]" = "iPhone Developer";
				COPY_PHASE_STRIP = NO;
				DEBUG_INFORMATION_FORMAT = dwarf;
				ENABLE_STRICT_OBJC_MSGSEND = YES;
				ENABLE_TESTABILITY = YES;
				GCC_C_LANGUAGE_STANDARD = gnu99;
				GCC_DYNAMIC_NO_PIC = NO;
				GCC_NO_COMMON_BLOCKS = YES;
				GCC_OPTIMIZATION_LEVEL = 0;
				GCC_PREPROCESSOR_DEFINITIONS = (
					"DEBUG=1",
					"$(inherited)",
				);
				GCC_WARN_64_TO_32_BIT_CONVERSION = YES;
				GCC_WARN_ABOUT_RETURN_TYPE = YES_ERROR;
				GCC_WARN_UNDECLARED_SELECTOR = YES;
				GCC_WARN_UNINITIALIZED_AUTOS = YES_AGGRESSIVE;
				GCC_WARN_UNUSED_FUNCTION = YES;
				GCC_WARN_UNUSED_VARIABLE = YES;
				IPHONEOS_DEPLOYMENT_TARGET = 9.2;
				MTL_ENABLE_DEBUG_INFO = YES;
				ONLY_ACTIVE_ARCH = YES;
				SDKROOT = iphoneos;
				SWIFT_OPTIMIZATION_LEVEL = "-Onone";
			};
			name = Debug;
		};
		6D31DD801D4393F80059F986 /* Release */ = {
			isa = XCBuildConfiguration;
			buildSettings = {
				ALWAYS_SEARCH_USER_PATHS = NO;
				CLANG_CXX_LANGUAGE_STANDARD = "gnu++0x";
				CLANG_CXX_LIBRARY = "libc++";
				CLANG_ENABLE_MODULES = YES;
				CLANG_ENABLE_OBJC_ARC = YES;
				CLANG_WARN_BOOL_CONVERSION = YES;
				CLANG_WARN_CONSTANT_CONVERSION = YES;
				CLANG_WARN_DIRECT_OBJC_ISA_USAGE = YES_ERROR;
				CLANG_WARN_EMPTY_BODY = YES;
				CLANG_WARN_ENUM_CONVERSION = YES;
				CLANG_WARN_INT_CONVERSION = YES;
				CLANG_WARN_OBJC_ROOT_CLASS = YES_ERROR;
				CLANG_WARN_UNREACHABLE_CODE = YES;
				CLANG_WARN__DUPLICATE_METHOD_MATCH = YES;
				"CODE_SIGN_IDENTITY[sdk=iphoneos*]" = "iPhone Developer";
				COPY_PHASE_STRIP = NO;
				DEBUG_INFORMATION_FORMAT = "dwarf-with-dsym";
				ENABLE_NS_ASSERTIONS = NO;
				ENABLE_STRICT_OBJC_MSGSEND = YES;
				GCC_C_LANGUAGE_STANDARD = gnu99;
				GCC_NO_COMMON_BLOCKS = YES;
				GCC_WARN_64_TO_32_BIT_CONVERSION = YES;
				GCC_WARN_ABOUT_RETURN_TYPE = YES_ERROR;
				GCC_WARN_UNDECLARED_SELECTOR = YES;
				GCC_WARN_UNINITIALIZED_AUTOS = YES_AGGRESSIVE;
				GCC_WARN_UNUSED_FUNCTION = YES;
				GCC_WARN_UNUSED_VARIABLE = YES;
				IPHONEOS_DEPLOYMENT_TARGET = 9.2;
				MTL_ENABLE_DEBUG_INFO = NO;
				SDKROOT = iphoneos;
				VALIDATE_PRODUCT = YES;
			};
			name = Release;
		};
		6D31DD821D4393F80059F986 /* Debug */ = {
			isa = XCBuildConfiguration;
			buildSettings = {
				ASSETCATALOG_COMPILER_APPICON_NAME = AppIcon;
				INFOPLIST_FILE = SingletonProject/Info.plist;
				LD_RUNPATH_SEARCH_PATHS = "$(inherited) @executable_path/Frameworks";
				PRODUCT_BUNDLE_IDENTIFIER = NPF.SingletonProject;
				PRODUCT_NAME = "$(TARGET_NAME)";
			};
			name = Debug;
		};
		6D31DD831D4393F80059F986 /* Release */ = {
			isa = XCBuildConfiguration;
			buildSettings = {
				ASSETCATALOG_COMPILER_APPICON_NAME = AppIcon;
				INFOPLIST_FILE = SingletonProject/Info.plist;
				LD_RUNPATH_SEARCH_PATHS = "$(inherited) @executable_path/Frameworks";
				PRODUCT_BUNDLE_IDENTIFIER = NPF.SingletonProject;
				PRODUCT_NAME = "$(TARGET_NAME)";
			};
			name = Release;
		};
		6D31DD851D4393F80059F986 /* Debug */ = {
			isa = XCBuildConfiguration;
			buildSettings = {
				BUNDLE_LOADER = "$(TEST_HOST)";
				INFOPLIST_FILE = SingletonProjectTests/Info.plist;
				LD_RUNPATH_SEARCH_PATHS = "$(inherited) @executable_path/Frameworks @loader_path/Frameworks";
				PRODUCT_BUNDLE_IDENTIFIER = NPF.SingletonProjectTests;
				PRODUCT_NAME = "$(TARGET_NAME)";
				TEST_HOST = "$(BUILT_PRODUCTS_DIR)/SingletonProject.app/SingletonProject";
			};
			name = Debug;
		};
		6D31DD861D4393F80059F986 /* Release */ = {
			isa = XCBuildConfiguration;
			buildSettings = {
				BUNDLE_LOADER = "$(TEST_HOST)";
				INFOPLIST_FILE = SingletonProjectTests/Info.plist;
				LD_RUNPATH_SEARCH_PATHS = "$(inherited) @executable_path/Frameworks @loader_path/Frameworks";
				PRODUCT_BUNDLE_IDENTIFIER = NPF.SingletonProjectTests;
				PRODUCT_NAME = "$(TARGET_NAME)";
				TEST_HOST = "$(BUILT_PRODUCTS_DIR)/SingletonProject.app/SingletonProject";
			};
			name = Release;
		};
		6D31DD881D4393F80059F986 /* Debug */ = {
			isa = XCBuildConfiguration;
			buildSettings = {
				INFOPLIST_FILE = SingletonProjectUITests/Info.plist;
				LD_RUNPATH_SEARCH_PATHS = "$(inherited) @executable_path/Frameworks @loader_path/Frameworks";
				PRODUCT_BUNDLE_IDENTIFIER = NPF.SingletonProjectUITests;
				PRODUCT_NAME = "$(TARGET_NAME)";
				TEST_TARGET_NAME = SingletonProject;
				USES_XCTRUNNER = YES;
			};
			name = Debug;
		};
		6D31DD891D4393F80059F986 /* Release */ = {
			isa = XCBuildConfiguration;
			buildSettings = {
				INFOPLIST_FILE = SingletonProjectUITests/Info.plist;
				LD_RUNPATH_SEARCH_PATHS = "$(inherited) @executable_path/Frameworks @loader_path/Frameworks";
				PRODUCT_BUNDLE_IDENTIFIER = NPF.SingletonProjectUITests;
				PRODUCT_NAME = "$(TARGET_NAME)";
				TEST_TARGET_NAME = SingletonProject;
				USES_XCTRUNNER = YES;
			};
			name = Release;
		};
/* End XCBuildConfiguration section */

/* Begin XCConfigurationList section */
		6D31DD541D4393F70059F986 /* Build configuration list for PBXProject "SingletonProject" */ = {
			isa = XCConfigurationList;
			buildConfigurations = (
				6D31DD7F1D4393F80059F986 /* Debug */,
				6D31DD801D4393F80059F986 /* Release */,
			);
			defaultConfigurationIsVisible = 0;
			defaultConfigurationName = Release;
		};
		6D31DD811D4393F80059F986 /* Build configuration list for PBXNativeTarget "SingletonProject" */ = {
			isa = XCConfigurationList;
			buildConfigurations = (
				6D31DD821D4393F80059F986 /* Debug */,
				6D31DD831D4393F80059F986 /* Release */,
			);
			defaultConfigurationIsVisible = 0;
		};
		6D31DD841D4393F80059F986 /* Build configuration list for PBXNativeTarget "SingletonProjectTests" */ = {
			isa = XCConfigurationList;
			buildConfigurations = (
				6D31DD851D4393F80059F986 /* Debug */,
				6D31DD861D4393F80059F986 /* Release */,
			);
			defaultConfigurationIsVisible = 0;
		};
		6D31DD871D4393F80059F986 /* Build configuration list for PBXNativeTarget "SingletonProjectUITests" */ = {
			isa = XCConfigurationList;
			buildConfigurations = (
				6D31DD881D4393F80059F986 /* Debug */,
				6D31DD891D4393F80059F986 /* Release */,
			);
			defaultConfigurationIsVisible = 0;
		};
/* End XCConfigurationList section */
	};
	rootObject = 6D31DD511D4393F70059F986 /* Project object */;
}
