// !$*UTF8*$!
{
	archiveVersion = 1;
	classes = {
	};
	objectVersion = 46;
	objects = {

/* Begin PBXBuildFile section */
		6D670A181D50CCD300298D0F /* AppDelegate.swift in Sources */ = {isa = PBXBuildFile; fileRef = 6D670A171D50CCD300298D0F /* AppDelegate.swift */; };
		6D670A1A1D50CCD300298D0F /* ViewController.swift in Sources */ = {isa = PBXBuildFile; fileRef = 6D670A191D50CCD300298D0F /* ViewController.swift */; };
		6D670A1D1D50CCD300298D0F /* Main.storyboard in Resources */ = {isa = PBXBuildFile; fileRef = 6D670A1B1D50CCD300298D0F /* Main.storyboard */; };
		6D670A1F1D50CCD300298D0F /* Assets.xcassets in Resources */ = {isa = PBXBuildFile; fileRef = 6D670A1E1D50CCD300298D0F /* Assets.xcassets */; };
		6D670A221D50CCD300298D0F /* LaunchScreen.storyboard in Resources */ = {isa = PBXBuildFile; fileRef = 6D670A201D50CCD300298D0F /* LaunchScreen.storyboard */; };
		6D670A2D1D50CCD300298D0F /* PRO3Tests.swift in Sources */ = {isa = PBXBuildFile; fileRef = 6D670A2C1D50CCD300298D0F /* PRO3Tests.swift */; };
		6D670A381D50CCD300298D0F /* PRO3UITests.swift in Sources */ = {isa = PBXBuildFile; fileRef = 6D670A371D50CCD300298D0F /* PRO3UITests.swift */; };
/* End PBXBuildFile section */

/* Begin PBXContainerItemProxy section */
		6D670A291D50CCD300298D0F /* PBXContainerItemProxy */ = {
			isa = PBXContainerItemProxy;
			containerPortal = 6D670A0C1D50CCD300298D0F /* Project object */;
			proxyType = 1;
			remoteGlobalIDString = 6D670A131D50CCD300298D0F;
			remoteInfo = PRO3;
		};
		6D670A341D50CCD300298D0F /* PBXContainerItemProxy */ = {
			isa = PBXContainerItemProxy;
			containerPortal = 6D670A0C1D50CCD300298D0F /* Project object */;
			proxyType = 1;
			remoteGlobalIDString = 6D670A131D50CCD300298D0F;
			remoteInfo = PRO3;
		};
/* End PBXContainerItemProxy section */

/* Begin PBXFileReference section */
		6D670A141D50CCD300298D0F /* PRO3.app */ = {isa = PBXFileReference; explicitFileType = wrapper.application; includeInIndex = 0; path = PRO3.app; sourceTree = BUILT_PRODUCTS_DIR; };
		6D670A171D50CCD300298D0F /* AppDelegate.swift */ = {isa = PBXFileReference; lastKnownFileType = sourcecode.swift; path = AppDelegate.swift; sourceTree = "<group>"; };
		6D670A191D50CCD300298D0F /* ViewController.swift */ = {isa = PBXFileReference; lastKnownFileType = sourcecode.swift; path = ViewController.swift; sourceTree = "<group>"; };
		6D670A1C1D50CCD300298D0F /* Base */ = {isa = PBXFileReference; lastKnownFileType = file.storyboard; name = Base; path = Base.lproj/Main.storyboard; sourceTree = "<group>"; };
		6D670A1E1D50CCD300298D0F /* Assets.xcassets */ = {isa = PBXFileReference; lastKnownFileType = folder.assetcatalog; path = Assets.xcassets; sourceTree = "<group>"; };
		6D670A211D50CCD300298D0F /* Base */ = {isa = PBXFileReference; lastKnownFileType = file.storyboard; name = Base; path = Base.lproj/LaunchScreen.storyboard; sourceTree = "<group>"; };
		6D670A231D50CCD300298D0F /* Info.plist */ = {isa = PBXFileReference; lastKnownFileType = text.plist.xml; path = Info.plist; sourceTree = "<group>"; };
		6D670A281D50CCD300298D0F /* PRO3Tests.xctest */ = {isa = PBXFileReference; explicitFileType = wrapper.cfbundle; includeInIndex = 0; path = PRO3Tests.xctest; sourceTree = BUILT_PRODUCTS_DIR; };
		6D670A2C1D50CCD300298D0F /* PRO3Tests.swift */ = {isa = PBXFileReference; lastKnownFileType = sourcecode.swift; path = PRO3Tests.swift; sourceTree = "<group>"; };
		6D670A2E1D50CCD300298D0F /* Info.plist */ = {isa = PBXFileReference; lastKnownFileType = text.plist.xml; path = Info.plist; sourceTree = "<group>"; };
		6D670A331D50CCD300298D0F /* PRO3UITests.xctest */ = {isa = PBXFileReference; explicitFileType = wrapper.cfbundle; includeInIndex = 0; path = PRO3UITests.xctest; sourceTree = BUILT_PRODUCTS_DIR; };
		6D670A371D50CCD300298D0F /* PRO3UITests.swift */ = {isa = PBXFileReference; lastKnownFileType = sourcecode.swift; path = PRO3UITests.swift; sourceTree = "<group>"; };
		6D670A391D50CCD400298D0F /* Info.plist */ = {isa = PBXFileReference; lastKnownFileType = text.plist.xml; path = Info.plist; sourceTree = "<group>"; };
/* End PBXFileReference section */

/* Begin PBXFrameworksBuildPhase section */
		6D670A111D50CCD300298D0F /* Frameworks */ = {
			isa = PBXFrameworksBuildPhase;
			buildActionMask = 2147483647;
			files = (
			);
			runOnlyForDeploymentPostprocessing = 0;
		};
		6D670A251D50CCD300298D0F /* Frameworks */ = {
			isa = PBXFrameworksBuildPhase;
			buildActionMask = 2147483647;
			files = (
			);
			runOnlyForDeploymentPostprocessing = 0;
		};
		6D670A301D50CCD300298D0F /* Frameworks */ = {
			isa = PBXFrameworksBuildPhase;
			buildActionMask = 2147483647;
			files = (
			);
			runOnlyForDeploymentPostprocessing = 0;
		};
/* End PBXFrameworksBuildPhase section */

/* Begin PBXGroup section */
		6D670A0B1D50CCD200298D0F = {
			isa = PBXGroup;
			children = (
				6D670A161D50CCD300298D0F /* PRO3 */,
				6D670A2B1D50CCD300298D0F /* PRO3Tests */,
				6D670A361D50CCD300298D0F /* PRO3UITests */,
				6D670A151D50CCD300298D0F /* Products */,
			);
			sourceTree = "<group>";
		};
		6D670A151D50CCD300298D0F /* Products */ = {
			isa = PBXGroup;
			children = (
				6D670A141D50CCD300298D0F /* PRO3.app */,
				6D670A281D50CCD300298D0F /* PRO3Tests.xctest */,
				6D670A331D50CCD300298D0F /* PRO3UITests.xctest */,
			);
			name = Products;
			sourceTree = "<group>";
		};
		6D670A161D50CCD300298D0F /* PRO3 */ = {
			isa = PBXGroup;
			children = (
				6D670A171D50CCD300298D0F /* AppDelegate.swift */,
				6D670A191D50CCD300298D0F /* ViewController.swift */,
				6D670A1B1D50CCD300298D0F /* Main.storyboard */,
				6D670A1E1D50CCD300298D0F /* Assets.xcassets */,
				6D670A201D50CCD300298D0F /* LaunchScreen.storyboard */,
				6D670A231D50CCD300298D0F /* Info.plist */,
			);
			path = PRO3;
			sourceTree = "<group>";
		};
		6D670A2B1D50CCD300298D0F /* PRO3Tests */ = {
			isa = PBXGroup;
			children = (
				6D670A2C1D50CCD300298D0F /* PRO3Tests.swift */,
				6D670A2E1D50CCD300298D0F /* Info.plist */,
			);
			path = PRO3Tests;
			sourceTree = "<group>";
		};
		6D670A361D50CCD300298D0F /* PRO3UITests */ = {
			isa = PBXGroup;
			children = (
				6D670A371D50CCD300298D0F /* PRO3UITests.swift */,
				6D670A391D50CCD400298D0F /* Info.plist */,
			);
			path = PRO3UITests;
			sourceTree = "<group>";
		};
/* End PBXGroup section */

/* Begin PBXNativeTarget section */
		6D670A131D50CCD300298D0F /* PRO3 */ = {
			isa = PBXNativeTarget;
			buildConfigurationList = 6D670A3C1D50CCD400298D0F /* Build configuration list for PBXNativeTarget "PRO3" */;
			buildPhases = (
				6D670A101D50CCD300298D0F /* Sources */,
				6D670A111D50CCD300298D0F /* Frameworks */,
				6D670A121D50CCD300298D0F /* Resources */,
			);
			buildRules = (
			);
			dependencies = (
			);
			name = PRO3;
			productName = PRO3;
			productReference = 6D670A141D50CCD300298D0F /* PRO3.app */;
			productType = "com.apple.product-type.application";
		};
		6D670A271D50CCD300298D0F /* PRO3Tests */ = {
			isa = PBXNativeTarget;
			buildConfigurationList = 6D670A3F1D50CCD400298D0F /* Build configuration list for PBXNativeTarget "PRO3Tests" */;
			buildPhases = (
				6D670A241D50CCD300298D0F /* Sources */,
				6D670A251D50CCD300298D0F /* Frameworks */,
				6D670A261D50CCD300298D0F /* Resources */,
			);
			buildRules = (
			);
			dependencies = (
				6D670A2A1D50CCD300298D0F /* PBXTargetDependency */,
			);
			name = PRO3Tests;
			productName = PRO3Tests;
			productReference = 6D670A281D50CCD300298D0F /* PRO3Tests.xctest */;
			productType = "com.apple.product-type.bundle.unit-test";
		};
		6D670A321D50CCD300298D0F /* PRO3UITests */ = {
			isa = PBXNativeTarget;
			buildConfigurationList = 6D670A421D50CCD400298D0F /* Build configuration list for PBXNativeTarget "PRO3UITests" */;
			buildPhases = (
				6D670A2F1D50CCD300298D0F /* Sources */,
				6D670A301D50CCD300298D0F /* Frameworks */,
				6D670A311D50CCD300298D0F /* Resources */,
			);
			buildRules = (
			);
			dependencies = (
				6D670A351D50CCD300298D0F /* PBXTargetDependency */,
			);
			name = PRO3UITests;
			productName = PRO3UITests;
			productReference = 6D670A331D50CCD300298D0F /* PRO3UITests.xctest */;
			productType = "com.apple.product-type.bundle.ui-testing";
		};
/* End PBXNativeTarget section */

/* Begin PBXProject section */
		6D670A0C1D50CCD300298D0F /* Project object */ = {
			isa = PBXProject;
			attributes = {
				LastSwiftUpdateCheck = 0720;
				LastUpgradeCheck = 0720;
				ORGANIZATIONNAME = NaPaFeng;
				TargetAttributes = {
					6D670A131D50CCD300298D0F = {
						CreatedOnToolsVersion = 7.2.1;
						DevelopmentTeam = PH6S6F6G8N;
					};
					6D670A271D50CCD300298D0F = {
						CreatedOnToolsVersion = 7.2.1;
						DevelopmentTeam = PH6S6F6G8N;
						TestTargetID = 6D670A131D50CCD300298D0F;
					};
					6D670A321D50CCD300298D0F = {
						CreatedOnToolsVersion = 7.2.1;
						DevelopmentTeam = PH6S6F6G8N;
						TestTargetID = 6D670A131D50CCD300298D0F;
					};
				};
			};
			buildConfigurationList = 6D670A0F1D50CCD300298D0F /* Build configuration list for PBXProject "PRO3" */;
			compatibilityVersion = "Xcode 3.2";
			developmentRegion = English;
			hasScannedForEncodings = 0;
			knownRegions = (
				en,
				Base,
			);
			mainGroup = 6D670A0B1D50CCD200298D0F;
			productRefGroup = 6D670A151D50CCD300298D0F /* Products */;
			projectDirPath = "";
			projectRoot = "";
			targets = (
				6D670A131D50CCD300298D0F /* PRO3 */,
				6D670A271D50CCD300298D0F /* PRO3Tests */,
				6D670A321D50CCD300298D0F /* PRO3UITests */,
			);
		};
/* End PBXProject section */

/* Begin PBXResourcesBuildPhase section */
		6D670A121D50CCD300298D0F /* Resources */ = {
			isa = PBXResourcesBuildPhase;
			buildActionMask = 2147483647;
			files = (
				6D670A221D50CCD300298D0F /* LaunchScreen.storyboard in Resources */,
				6D670A1F1D50CCD300298D0F /* Assets.xcassets in Resources */,
				6D670A1D1D50CCD300298D0F /* Main.storyboard in Resources */,
			);
			runOnlyForDeploymentPostprocessing = 0;
		};
		6D670A261D50CCD300298D0F /* Resources */ = {
			isa = PBXResourcesBuildPhase;
			buildActionMask = 2147483647;
			files = (
			);
			runOnlyForDeploymentPostprocessing = 0;
		};
		6D670A311D50CCD300298D0F /* Resources */ = {
			isa = PBXResourcesBuildPhase;
			buildActionMask = 2147483647;
			files = (
			);
			runOnlyForDeploymentPostprocessing = 0;
		};
/* End PBXResourcesBuildPhase section */

/* Begin PBXSourcesBuildPhase section */
		6D670A101D50CCD300298D0F /* Sources */ = {
			isa = PBXSourcesBuildPhase;
			buildActionMask = 2147483647;
			files = (
				6D670A1A1D50CCD300298D0F /* ViewController.swift in Sources */,
				6D670A181D50CCD300298D0F /* AppDelegate.swift in Sources */,
			);
			runOnlyForDeploymentPostprocessing = 0;
		};
		6D670A241D50CCD300298D0F /* Sources */ = {
			isa = PBXSourcesBuildPhase;
			buildActionMask = 2147483647;
			files = (
				6D670A2D1D50CCD300298D0F /* PRO3Tests.swift in Sources */,
			);
			runOnlyForDeploymentPostprocessing = 0;
		};
		6D670A2F1D50CCD300298D0F /* Sources */ = {
			isa = PBXSourcesBuildPhase;
			buildActionMask = 2147483647;
			files = (
				6D670A381D50CCD300298D0F /* PRO3UITests.swift in Sources */,
			);
			runOnlyForDeploymentPostprocessing = 0;
		};
/* End PBXSourcesBuildPhase section */

/* Begin PBXTargetDependency section */
		6D670A2A1D50CCD300298D0F /* PBXTargetDependency */ = {
			isa = PBXTargetDependency;
			target = 6D670A131D50CCD300298D0F /* PRO3 */;
			targetProxy = 6D670A291D50CCD300298D0F /* PBXContainerItemProxy */;
		};
		6D670A351D50CCD300298D0F /* PBXTargetDependency */ = {
			isa = PBXTargetDependency;
			target = 6D670A131D50CCD300298D0F /* PRO3 */;
			targetProxy = 6D670A341D50CCD300298D0F /* PBXContainerItemProxy */;
		};
/* End PBXTargetDependency section */

/* Begin PBXVariantGroup section */
		6D670A1B1D50CCD300298D0F /* Main.storyboard */ = {
			isa = PBXVariantGroup;
			children = (
				6D670A1C1D50CCD300298D0F /* Base */,
			);
			name = Main.storyboard;
			sourceTree = "<group>";
		};
		6D670A201D50CCD300298D0F /* LaunchScreen.storyboard */ = {
			isa = PBXVariantGroup;
			children = (
				6D670A211D50CCD300298D0F /* Base */,
			);
			name = LaunchScreen.storyboard;
			sourceTree = "<group>";
		};
/* End PBXVariantGroup section */

/* Begin XCBuildConfiguration section */
		6D670A3A1D50CCD400298D0F /* Debug */ = {
			isa = XCBuildConfiguration;
			buildSettings = {
				ALWAYS_SEARCH_USER_PATHS = NO;
				CLANG_CXX_LANGUAGE_STANDARD = "gnu++0x";
				CLANG_CXX_LIBRARY = "libc++";
				CLANG_ENABLE_MODULES = YES;
				CLANG_ENABLE_OBJC_ARC = YES;
				CLANG_WARN_BOOL_CONVERSION = YES;
				CLANG_WARN_CONSTANT_CONVERSION = YES;
				CLANG_WARN_DIRECT_OBJC_ISA_USAGE = YES_ERROR;
				CLANG_WARN_EMPTY_BODY = YES;
				CLANG_WARN_ENUM_CONVERSION = YES;
				CLANG_WARN_INT_CONVERSION = YES;
				CLANG_WARN_OBJC_ROOT_CLASS = YES_ERROR;
				CLANG_WARN_UNREACHABLE_CODE = YES;
				CLANG_WARN__DUPLICATE_METHOD_MATCH = YES;
				"CODE_SIGN_IDENTITY[sdk=iphoneos*]" = "iPhone Developer";
				COPY_PHASE_STRIP = NO;
				DEBUG_INFORMATION_FORMAT = dwarf;
				ENABLE_STRICT_OBJC_MSGSEND = YES;
				ENABLE_TESTABILITY = YES;
				GCC_C_LANGUAGE_STANDARD = gnu99;
				GCC_DYNAMIC_NO_PIC = NO;
				GCC_NO_COMMON_BLOCKS = YES;
				GCC_OPTIMIZATION_LEVEL = 0;
				GCC_PREPROCESSOR_DEFINITIONS = (
					"DEBUG=1",
					"$(inherited)",
				);
				GCC_WARN_64_TO_32_BIT_CONVERSION = YES;
				GCC_WARN_ABOUT_RETURN_TYPE = YES_ERROR;
				GCC_WARN_UNDECLARED_SELECTOR = YES;
				GCC_WARN_UNINITIALIZED_AUTOS = YES_AGGRESSIVE;
				GCC_WARN_UNUSED_FUNCTION = YES;
				GCC_WARN_UNUSED_VARIABLE = YES;
				IPHONEOS_DEPLOYMENT_TARGET = 9.2;
				MTL_ENABLE_DEBUG_INFO = YES;
				ONLY_ACTIVE_ARCH = YES;
				SDKROOT = iphoneos;
				SWIFT_OPTIMIZATION_LEVEL = "-Onone";
			};
			name = Debug;
		};
		6D670A3B1D50CCD400298D0F /* Release */ = {
			isa = XCBuildConfiguration;
			buildSettings = {
				ALWAYS_SEARCH_USER_PATHS = NO;
				CLANG_CXX_LANGUAGE_STANDARD = "gnu++0x";
				CLANG_CXX_LIBRARY = "libc++";
				CLANG_ENABLE_MODULES = YES;
				CLANG_ENABLE_OBJC_ARC = YES;
				CLANG_WARN_BOOL_CONVERSION = YES;
				CLANG_WARN_CONSTANT_CONVERSION = YES;
				CLANG_WARN_DIRECT_OBJC_ISA_USAGE = YES_ERROR;
				CLANG_WARN_EMPTY_BODY = YES;
				CLANG_WARN_ENUM_CONVERSION = YES;
				CLANG_WARN_INT_CONVERSION = YES;
				CLANG_WARN_OBJC_ROOT_CLASS = YES_ERROR;
				CLANG_WARN_UNREACHABLE_CODE = YES;
				CLANG_WARN__DUPLICATE_METHOD_MATCH = YES;
				"CODE_SIGN_IDENTITY[sdk=iphoneos*]" = "iPhone Developer";
				COPY_PHASE_STRIP = NO;
				DEBUG_INFORMATION_FORMAT = "dwarf-with-dsym";
				ENABLE_NS_ASSERTIONS = NO;
				ENABLE_STRICT_OBJC_MSGSEND = YES;
				GCC_C_LANGUAGE_STANDARD = gnu99;
				GCC_NO_COMMON_BLOCKS = YES;
				GCC_WARN_64_TO_32_BIT_CONVERSION = YES;
				GCC_WARN_ABOUT_RETURN_TYPE = YES_ERROR;
				GCC_WARN_UNDECLARED_SELECTOR = YES;
				GCC_WARN_UNINITIALIZED_AUTOS = YES_AGGRESSIVE;
				GCC_WARN_UNUSED_FUNCTION = YES;
				GCC_WARN_UNUSED_VARIABLE = YES;
				IPHONEOS_DEPLOYMENT_TARGET = 9.2;
				MTL_ENABLE_DEBUG_INFO = NO;
				SDKROOT = iphoneos;
				VALIDATE_PRODUCT = YES;
			};
			name = Release;
		};
		6D670A3D1D50CCD400298D0F /* Debug */ = {
			isa = XCBuildConfiguration;
			buildSettings = {
				ASSETCATALOG_COMPILER_APPICON_NAME = AppIcon;
				INFOPLIST_FILE = PRO3/Info.plist;
				LD_RUNPATH_SEARCH_PATHS = "$(inherited) @executable_path/Frameworks";
				PRODUCT_BUNDLE_IDENTIFIER = NPF.PRO3;
				PRODUCT_NAME = "$(TARGET_NAME)";
			};
			name = Debug;
		};
		6D670A3E1D50CCD400298D0F /* Release */ = {
			isa = XCBuildConfiguration;
			buildSettings = {
				ASSETCATALOG_COMPILER_APPICON_NAME = AppIcon;
				INFOPLIST_FILE = PRO3/Info.plist;
				LD_RUNPATH_SEARCH_PATHS = "$(inherited) @executable_path/Frameworks";
				PRODUCT_BUNDLE_IDENTIFIER = NPF.PRO3;
				PRODUCT_NAME = "$(TARGET_NAME)";
			};
			name = Release;
		};
		6D670A401D50CCD400298D0F /* Debug */ = {
			isa = XCBuildConfiguration;
			buildSettings = {
				BUNDLE_LOADER = "$(TEST_HOST)";
				INFOPLIST_FILE = PRO3Tests/Info.plist;
				LD_RUNPATH_SEARCH_PATHS = "$(inherited) @executable_path/Frameworks @loader_path/Frameworks";
				PRODUCT_BUNDLE_IDENTIFIER = NPF.PRO3Tests;
				PRODUCT_NAME = "$(TARGET_NAME)";
				TEST_HOST = "$(BUILT_PRODUCTS_DIR)/PRO3.app/PRO3";
			};
			name = Debug;
		};
		6D670A411D50CCD400298D0F /* Release */ = {
			isa = XCBuildConfiguration;
			buildSettings = {
				BUNDLE_LOADER = "$(TEST_HOST)";
				INFOPLIST_FILE = PRO3Tests/Info.plist;
				LD_RUNPATH_SEARCH_PATHS = "$(inherited) @executable_path/Frameworks @loader_path/Frameworks";
				PRODUCT_BUNDLE_IDENTIFIER = NPF.PRO3Tests;
				PRODUCT_NAME = "$(TARGET_NAME)";
				TEST_HOST = "$(BUILT_PRODUCTS_DIR)/PRO3.app/PRO3";
			};
			name = Release;
		};
		6D670A431D50CCD400298D0F /* Debug */ = {
			isa = XCBuildConfiguration;
			buildSettings = {
				INFOPLIST_FILE = PRO3UITests/Info.plist;
				LD_RUNPATH_SEARCH_PATHS = "$(inherited) @executable_path/Frameworks @loader_path/Frameworks";
				PRODUCT_BUNDLE_IDENTIFIER = NPF.PRO3UITests;
				PRODUCT_NAME = "$(TARGET_NAME)";
				TEST_TARGET_NAME = PRO3;
				USES_XCTRUNNER = YES;
			};
			name = Debug;
		};
		6D670A441D50CCD400298D0F /* Release */ = {
			isa = XCBuildConfiguration;
			buildSettings = {
				INFOPLIST_FILE = PRO3UITests/Info.plist;
				LD_RUNPATH_SEARCH_PATHS = "$(inherited) @executable_path/Frameworks @loader_path/Frameworks";
				PRODUCT_BUNDLE_IDENTIFIER = NPF.PRO3UITests;
				PRODUCT_NAME = "$(TARGET_NAME)";
				TEST_TARGET_NAME = PRO3;
				USES_XCTRUNNER = YES;
			};
			name = Release;
		};
/* End XCBuildConfiguration section */

/* Begin XCConfigurationList section */
		6D670A0F1D50CCD300298D0F /* Build configuration list for PBXProject "PRO3" */ = {
			isa = XCConfigurationList;
			buildConfigurations = (
				6D670A3A1D50CCD400298D0F /* Debug */,
				6D670A3B1D50CCD400298D0F /* Release */,
			);
			defaultConfigurationIsVisible = 0;
			defaultConfigurationName = Release;
		};
		6D670A3C1D50CCD400298D0F /* Build configuration list for PBXNativeTarget "PRO3" */ = {
			isa = XCConfigurationList;
			buildConfigurations = (
				6D670A3D1D50CCD400298D0F /* Debug */,
				6D670A3E1D50CCD400298D0F /* Release */,
			);
			defaultConfigurationIsVisible = 0;
		};
		6D670A3F1D50CCD400298D0F /* Build configuration list for PBXNativeTarget "PRO3Tests" */ = {
			isa = XCConfigurationList;
			buildConfigurations = (
				6D670A401D50CCD400298D0F /* Debug */,
				6D670A411D50CCD400298D0F /* Release */,
			);
			defaultConfigurationIsVisible = 0;
		};
		6D670A421D50CCD400298D0F /* Build configuration list for PBXNativeTarget "PRO3UITests" */ = {
			isa = XCConfigurationList;
			buildConfigurations = (
				6D670A431D50CCD400298D0F /* Debug */,
				6D670A441D50CCD400298D0F /* Release */,
			);
			defaultConfigurationIsVisible = 0;
		};
/* End XCConfigurationList section */
	};
	rootObject = 6D670A0C1D50CCD300298D0F /* Project object */;
}
